
Microsoft Visual Studio Solution File, Format Version 12.00
# Visual Studio Version 16
VisualStudioVersion = 16.0.32002.261
MinimumVisualStudioVersion = 10.0.40219.1
Project("{FAE04EC0-301F-11D3-BF4B-00C04F79EFBC}") = "WaifuAssistant", "WaifuAssistant\WaifuAssistant.csproj", "{AA8C5529-393A-4FE3-8AB6-526B00C8326E}"
EndProject
Global
	GlobalSection(SolutionConfigurationPlatforms) = preSolution
		Debug|Any CPU = Debug|Any CPU
		Debug|x64 = Debug|x64
		Debugx64|Any CPU = Debugx64|Any CPU
		Debugx64|x64 = Debugx64|x64
		Release|Any CPU = Release|Any CPU
		Release|x64 = Release|x64
	EndGlobalSection
	GlobalSection(ProjectConfigurationPlatforms) = postSolution
		{AA8C5529-393A-4FE3-8AB6-526B00C8326E}.Debug|Any CPU.ActiveCfg = Debugx64|ARM64
		{AA8C5529-393A-4FE3-8AB6-526B00C8326E}.Debug|x64.ActiveCfg = Debugx64|x64
		{AA8C5529-393A-4FE3-8AB6-526B00C8326E}.Debugx64|Any CPU.ActiveCfg = Debugx64|x64
		{AA8C5529-393A-4FE3-8AB6-526B00C8326E}.Debugx64|Any CPU.Build.0 = Debugx64|x64
		{AA8C5529-393A-4FE3-8AB6-526B00C8326E}.Debugx64|x64.ActiveCfg = Debugx64|x64
		{AA8C5529-393A-4FE3-8AB6-526B00C8326E}.Debugx64|x64.Build.0 = Debugx64|x64
		{AA8C5529-393A-4FE3-8AB6-526B00C8326E}.Release|Any CPU.ActiveCfg = Debugx64|ARM64
		{AA8C5529-393A-4FE3-8AB6-526B00C8326E}.Release|x64.ActiveCfg = Debugx64|x64
	EndGlobalSection
	GlobalSection(SolutionProperties) = preSolution
		HideSolutionNode = FALSE
	EndGlobalSection
	GlobalSection(ExtensibilityGlobals) = postSolution
		SolutionGuid = {FFD8037F-2935-461A-970E-AC5C03B67E5D}
	EndGlobalSection
EndGlobal
